{
  "name": "netlify-local-plugins",
  "version": "1.0.0",
  "lockfileVersion": 3,
  "requires": true,
  "packages": {
    "": {
      "name": "netlify-local-plugins",
      "version": "1.0.0",
      "license": "MIT",
      "dependencies": {
        "@netlify/plugin-nextjs": "5.2.2"
      }
    },
    "node_modules/@netlify/plugin-nextjs": {
      "version": "5.2.2",
      "resolved": "https://registry.npmjs.org/@netlify/plugin-nextjs/-/plugin-nextjs-5.2.2.tgz",
      "integrity": "sha512-jV/P7o8+v1XaEGb7wvFfkF1fSLggAxjg7WYoBPkD3R93bsI6xmCDKBcUJ/6g7lqECRXt4dGKApSFtGk/pUmAHw==",
      "engines": {
        "node": ">=18.0.0"
      }
    }
  }
}
